
Microsoft Visual Studio Solution File, Format Version 12.00
# Visual Studio Version 16
VisualStudioVersion = 16.0.31729.503
MinimumVisualStudioVersion = 10.0.40219.1
Project("{8BC9CEB8-8B4A-11D0-8D11-00A0C91BC942}") = "EGTSmoothingVS2019", "EGTSmoothingVS2019\EGTSmoothingVS2019.vcxproj", "{749063DD-FDC6-4154-AA30-4E95AA9089F0}"
EndProject
Global
	GlobalSection(SolutionConfigurationPlatforms) = preSolution
		Debug|x64 = Debug|x64
		Release|x64 = Release|x64
	EndGlobalSection
	GlobalSection(ProjectConfigurationPlatforms) = postSolution
		{749063DD-FDC6-4154-AA30-4E95AA9089F0}.Debug|x64.ActiveCfg = Debug|x64
		{749063DD-FDC6-4154-AA30-4E95AA9089F0}.Debug|x64.Build.0 = Debug|x64
		{749063DD-FDC6-4154-AA30-4E95AA9089F0}.Release|x64.ActiveCfg = Release|x64
		{749063DD-FDC6-4154-AA30-4E95AA9089F0}.Release|x64.Build.0 = Release|x64
	EndGlobalSection
	GlobalSection(SolutionProperties) = preSolution
		HideSolutionNode = FALSE
	EndGlobalSection
	GlobalSection(ExtensibilityGlobals) = postSolution
		SolutionGuid = {2D56F3F2-8E6A-4728-B1FE-D1905567853B}
	EndGlobalSection
EndGlobal
